
Microsoft Visual Studio Solution File, Format Version 12.00
# Visual Studio Version 17
VisualStudioVersion = 17.7.34202.233
MinimumVisualStudioVersion = 10.0.40219.1
Project("{FAE04EC0-301F-11D3-BF4B-00C04F79EFBC}") = "26.Pascal Triangle", "26.Pascal Triangle.csproj", "{2638A72E-619B-442A-B4FE-DB58DCF7F131}"
EndProject
Global
	GlobalSection(SolutionConfigurationPlatforms) = preSolution
		Debug|Any CPU = Debug|Any CPU
		Release|Any CPU = Release|Any CPU
	EndGlobalSection
	GlobalSection(ProjectConfigurationPlatforms) = postSolution
		{2638A72E-619B-442A-B4FE-DB58DCF7F131}.Debug|Any CPU.ActiveCfg = Debug|Any CPU
		{2638A72E-619B-442A-B4FE-DB58DCF7F131}.Debug|Any CPU.Build.0 = Debug|Any CPU
		{2638A72E-619B-442A-B4FE-DB58DCF7F131}.Release|Any CPU.ActiveCfg = Release|Any CPU
		{2638A72E-619B-442A-B4FE-DB58DCF7F131}.Release|Any CPU.Build.0 = Release|Any CPU
	EndGlobalSection
	GlobalSection(SolutionProperties) = preSolution
		HideSolutionNode = FALSE
	EndGlobalSection
	GlobalSection(ExtensibilityGlobals) = postSolution
		SolutionGuid = {AD2F6E34-691A-4E51-98B7-C7DCB31A0DA1}
	EndGlobalSection
EndGlobal
